// !$*UTF8*$!
{
	archiveVersion = 1;
	classes = {
	};
	objectVersion = 50;
	objects = {

/* Begin PBXBuildFile section */
		9B5C699B213D039600F4351E /* AppDelegate.swift in Sources */ = {isa = PBXBuildFile; fileRef = 9B5C699A213D039600F4351E /* AppDelegate.swift */; };
		9B5C699D213D039600F4351E /* ViewController.swift in Sources */ = {isa = PBXBuildFile; fileRef = 9B5C699C213D039600F4351E /* ViewController.swift */; };
		9B5C69A0213D039600F4351E /* Main.storyboard in Resources */ = {isa = PBXBuildFile; fileRef = 9B5C699E213D039600F4351E /* Main.storyboard */; };
		9B5C69A2213D039800F4351E /* Assets.xcassets in Resources */ = {isa = PBXBuildFile; fileRef = 9B5C69A1213D039800F4351E /* Assets.xcassets */; };
		9B5C69A5213D039800F4351E /* LaunchScreen.storyboard in Resources */ = {isa = PBXBuildFile; fileRef = 9B5C69A3213D039800F4351E /* LaunchScreen.storyboard */; };
		9B5C69AD213D03F200F4351E /* GoogleService-Info.plist in Resources */ = {isa = PBXBuildFile; fileRef = 9B5C69AC213D03F100F4351E /* GoogleService-Info.plist */; };
		9B5C69AF213D1D9500F4351E /* UserManager.swift in Sources */ = {isa = PBXBuildFile; fileRef = 9B5C69AE213D1D9500F4351E /* UserManager.swift */; };
		A4E9163270C3180195F59587 /* Pods_FirabaseDemo.framework in Frameworks */ = {isa = PBXBuildFile; fileRef = 6554881F7CA078B679D28504 /* Pods_FirabaseDemo.framework */; };
/* End PBXBuildFile section */

/* Begin PBXFileReference section */
		6554881F7CA078B679D28504 /* Pods_FirabaseDemo.framework */ = {isa = PBXFileReference; explicitFileType = wrapper.framework; includeInIndex = 0; path = Pods_FirabaseDemo.framework; sourceTree = BUILT_PRODUCTS_DIR; };
		9B5C6997213D039600F4351E /* FirabaseDemo.app */ = {isa = PBXFileReference; explicitFileType = wrapper.application; includeInIndex = 0; path = FirabaseDemo.app; sourceTree = BUILT_PRODUCTS_DIR; };
		9B5C699A213D039600F4351E /* AppDelegate.swift */ = {isa = PBXFileReference; lastKnownFileType = sourcecode.swift; path = AppDelegate.swift; sourceTree = "<group>"; };
		9B5C699C213D039600F4351E /* ViewController.swift */ = {isa = PBXFileReference; lastKnownFileType = sourcecode.swift; path = ViewController.swift; sourceTree = "<group>"; };
		9B5C699F213D039600F4351E /* Base */ = {isa = PBXFileReference; lastKnownFileType = file.storyboard; name = Base; path = Base.lproj/Main.storyboard; sourceTree = "<group>"; };
		9B5C69A1213D039800F4351E /* Assets.xcassets */ = {isa = PBXFileReference; lastKnownFileType = folder.assetcatalog; path = Assets.xcassets; sourceTree = "<group>"; };
		9B5C69A4213D039800F4351E /* Base */ = {isa = PBXFileReference; lastKnownFileType = file.storyboard; name = Base; path = Base.lproj/LaunchScreen.storyboard; sourceTree = "<group>"; };
		9B5C69A6213D039800F4351E /* Info.plist */ = {isa = PBXFileReference; lastKnownFileType = text.plist.xml; path = Info.plist; sourceTree = "<group>"; };
		9B5C69AC213D03F100F4351E /* GoogleService-Info.plist */ = {isa = PBXFileReference; fileEncoding = 4; lastKnownFileType = text.plist.xml; path = "GoogleService-Info.plist"; sourceTree = "<group>"; };
		9B5C69AE213D1D9500F4351E /* UserManager.swift */ = {isa = PBXFileReference; lastKnownFileType = sourcecode.swift; path = UserManager.swift; sourceTree = "<group>"; };
		E41A087B786ED207C6ABF13C /* Pods-FirabaseDemo.release.xcconfig */ = {isa = PBXFileReference; includeInIndex = 1; lastKnownFileType = text.xcconfig; name = "Pods-FirabaseDemo.release.xcconfig"; path = "Pods/Target Support Files/Pods-FirabaseDemo/Pods-FirabaseDemo.release.xcconfig"; sourceTree = "<group>"; };
		E95696163760457D94114ACC /* Pods-FirabaseDemo.debug.xcconfig */ = {isa = PBXFileReference; includeInIndex = 1; lastKnownFileType = text.xcconfig; name = "Pods-FirabaseDemo.debug.xcconfig"; path = "Pods/Target Support Files/Pods-FirabaseDemo/Pods-FirabaseDemo.debug.xcconfig"; sourceTree = "<group>"; };
/* End PBXFileReference section */

/* Begin PBXFrameworksBuildPhase section */
		9B5C6994213D039600F4351E /* Frameworks */ = {
			isa = PBXFrameworksBuildPhase;
			buildActionMask = 2147483647;
			files = (
				A4E9163270C3180195F59587 /* Pods_FirabaseDemo.framework in Frameworks */,
			);
			runOnlyForDeploymentPostprocessing = 0;
		};
/* End PBXFrameworksBuildPhase section */

/* Begin PBXGroup section */
		996FC38938DB5AD1DBEAECBD /* Pods */ = {
			isa = PBXGroup;
			children = (
				E95696163760457D94114ACC /* Pods-FirabaseDemo.debug.xcconfig */,
				E41A087B786ED207C6ABF13C /* Pods-FirabaseDemo.release.xcconfig */,
			);
			name = Pods;
			sourceTree = "<group>";
		};
		9B5C698E213D039600F4351E = {
			isa = PBXGroup;
			children = (
				9B5C6999213D039600F4351E /* FirabaseDemo */,
				9B5C6998213D039600F4351E /* Products */,
				996FC38938DB5AD1DBEAECBD /* Pods */,
				C80D46DAF8845670C3BCAF57 /* Frameworks */,
			);
			sourceTree = "<group>";
		};
		9B5C6998213D039600F4351E /* Products */ = {
			isa = PBXGroup;
			children = (
				9B5C6997213D039600F4351E /* FirabaseDemo.app */,
			);
			name = Products;
			sourceTree = "<group>";
		};
		9B5C6999213D039600F4351E /* FirabaseDemo */ = {
			isa = PBXGroup;
			children = (
				9B5C699A213D039600F4351E /* AppDelegate.swift */,
				9B5C699C213D039600F4351E /* ViewController.swift */,
				9B5C699E213D039600F4351E /* Main.storyboard */,
				9B5C69A1213D039800F4351E /* Assets.xcassets */,
				9B5C69A3213D039800F4351E /* LaunchScreen.storyboard */,
				9B5C69A6213D039800F4351E /* Info.plist */,
				9B5C69AC213D03F100F4351E /* GoogleService-Info.plist */,
				9B5C69AE213D1D9500F4351E /* UserManager.swift */,
			);
			path = FirabaseDemo;
			sourceTree = "<group>";
		};
		C80D46DAF8845670C3BCAF57 /* Frameworks */ = {
			isa = PBXGroup;
			children = (
				6554881F7CA078B679D28504 /* Pods_FirabaseDemo.framework */,
			);
			name = Frameworks;
			sourceTree = "<group>";
		};
/* End PBXGroup section */

/* Begin PBXNativeTarget section */
		9B5C6996213D039600F4351E /* FirabaseDemo */ = {
			isa = PBXNativeTarget;
			buildConfigurationList = 9B5C69A9213D039800F4351E /* Build configuration list for PBXNativeTarget "FirabaseDemo" */;
			buildPhases = (
				5865202D2233DF15225DFDCD /* [CP] Check Pods Manifest.lock */,
				9B5C6993213D039600F4351E /* Sources */,
				9B5C6994213D039600F4351E /* Frameworks */,
				9B5C6995213D039600F4351E /* Resources */,
				5ABE73E94DF8AF430BC96DDC /* [CP] Embed Pods Frameworks */,
			);
			buildRules = (
			);
			dependencies = (
			);
			name = FirabaseDemo;
			productName = FirabaseDemo;
			productReference = 9B5C6997213D039600F4351E /* FirabaseDemo.app */;
			productType = "com.apple.product-type.application";
		};
/* End PBXNativeTarget section */

/* Begin PBXProject section */
		9B5C698F213D039600F4351E /* Project object */ = {
			isa = PBXProject;
			attributes = {
				LastSwiftUpdateCheck = 0940;
				LastUpgradeCheck = 0940;
				ORGANIZATIONNAME = laalee;
				TargetAttributes = {
					9B5C6996213D039600F4351E = {
						CreatedOnToolsVersion = 9.4.1;
					};
				};
			};
			buildConfigurationList = 9B5C6992213D039600F4351E /* Build configuration list for PBXProject "FirabaseDemo" */;
			compatibilityVersion = "Xcode 9.3";
			developmentRegion = en;
			hasScannedForEncodings = 0;
			knownRegions = (
				en,
				Base,
			);
			mainGroup = 9B5C698E213D039600F4351E;
			productRefGroup = 9B5C6998213D039600F4351E /* Products */;
			projectDirPath = "";
			projectRoot = "";
			targets = (
				9B5C6996213D039600F4351E /* FirabaseDemo */,
			);
		};
/* End PBXProject section */

/* Begin PBXResourcesBuildPhase section */
		9B5C6995213D039600F4351E /* Resources */ = {
			isa = PBXResourcesBuildPhase;
			buildActionMask = 2147483647;
			files = (
				9B5C69A5213D039800F4351E /* LaunchScreen.storyboard in Resources */,
				9B5C69AD213D03F200F4351E /* GoogleService-Info.plist in Resources */,
				9B5C69A2213D039800F4351E /* Assets.xcassets in Resources */,
				9B5C69A0213D039600F4351E /* Main.storyboard in Resources */,
			);
			runOnlyForDeploymentPostprocessing = 0;
		};
/* End PBXResourcesBuildPhase section */

/* Begin PBXShellScriptBuildPhase section */
		5865202D2233DF15225DFDCD /* [CP] Check Pods Manifest.lock */ = {
			isa = PBXShellScriptBuildPhase;
			buildActionMask = 2147483647;
			files = (
			);
			inputPaths = (
				"${PODS_PODFILE_DIR_PATH}/Podfile.lock",
				"${PODS_ROOT}/Manifest.lock",
			);
			name = "[CP] Check Pods Manifest.lock";
			outputPaths = (
				"$(DERIVED_FILE_DIR)/Pods-FirabaseDemo-checkManifestLockResult.txt",
			);
			runOnlyForDeploymentPostprocessing = 0;
			shellPath = /bin/sh;
			shellScript = "diff \"${PODS_PODFILE_DIR_PATH}/Podfile.lock\" \"${PODS_ROOT}/Manifest.lock\" > /dev/null\nif [ $? != 0 ] ; then\n    # print error to STDERR\n    echo \"error: The sandbox is not in sync with the Podfile.lock. Run 'pod install' or update your CocoaPods installation.\" >&2\n    exit 1\nfi\n# This output is used by Xcode 'outputs' to avoid re-running this script phase.\necho \"SUCCESS\" > \"${SCRIPT_OUTPUT_FILE_0}\"\n";
			showEnvVarsInLog = 0;
		};
		5ABE73E94DF8AF430BC96DDC /* [CP] Embed Pods Frameworks */ = {
			isa = PBXShellScriptBuildPhase;
			buildActionMask = 2147483647;
			files = (
			);
			inputPaths = (
				"${SRCROOT}/Pods/Target Support Files/Pods-FirabaseDemo/Pods-FirabaseDemo-frameworks.sh",
				"${BUILT_PRODUCTS_DIR}/GoogleUtilities/GoogleUtilities.framework",
				"${BUILT_PRODUCTS_DIR}/leveldb-library/leveldb.framework",
				"${BUILT_PRODUCTS_DIR}/nanopb/nanopb.framework",
			);
			name = "[CP] Embed Pods Frameworks";
			outputPaths = (
				"${TARGET_BUILD_DIR}/${FRAMEWORKS_FOLDER_PATH}/GoogleUtilities.framework",
				"${TARGET_BUILD_DIR}/${FRAMEWORKS_FOLDER_PATH}/leveldb.framework",
				"${TARGET_BUILD_DIR}/${FRAMEWORKS_FOLDER_PATH}/nanopb.framework",
			);
			runOnlyForDeploymentPostprocessing = 0;
			shellPath = /bin/sh;
			shellScript = "\"${SRCROOT}/Pods/Target Support Files/Pods-FirabaseDemo/Pods-FirabaseDemo-frameworks.sh\"\n";
			showEnvVarsInLog = 0;
		};
/* End PBXShellScriptBuildPhase section */

/* Begin PBXSourcesBuildPhase section */
		9B5C6993213D039600F4351E /* Sources */ = {
			isa = PBXSourcesBuildPhase;
			buildActionMask = 2147483647;
			files = (
				9B5C69AF213D1D9500F4351E /* UserManager.swift in Sources */,
				9B5C699D213D039600F4351E /* ViewController.swift in Sources */,
				9B5C699B213D039600F4351E /* AppDelegate.swift in Sources */,
			);
			runOnlyForDeploymentPostprocessing = 0;
		};
/* End PBXSourcesBuildPhase section */

/* Begin PBXVariantGroup section */
		9B5C699E213D039600F4351E /* Main.storyboard */ = {
			isa = PBXVariantGroup;
			children = (
				9B5C699F213D039600F4351E /* Base */,
			);
			name = Main.storyboard;
			sourceTree = "<group>";
		};
		9B5C69A3213D039800F4351E /* LaunchScreen.storyboard */ = {
			isa = PBXVariantGroup;
			children = (
				9B5C69A4213D039800F4351E /* Base */,
			);
			name = LaunchScreen.storyboard;
			sourceTree = "<group>";
		};
/* End PBXVariantGroup section */

/* Begin XCBuildConfiguration section */
		9B5C69A7213D039800F4351E /* Debug */ = {
			isa = XCBuildConfiguration;
			buildSettings = {
				ALWAYS_SEARCH_USER_PATHS = NO;
				CLANG_ANALYZER_NONNULL = YES;
				CLANG_ANALYZER_NUMBER_OBJECT_CONVERSION = YES_AGGRESSIVE;
				CLANG_CXX_LANGUAGE_STANDARD = "gnu++14";
				CLANG_CXX_LIBRARY = "libc++";
				CLANG_ENABLE_MODULES = YES;
				CLANG_ENABLE_OBJC_ARC = YES;
				CLANG_ENABLE_OBJC_WEAK = YES;
				CLANG_WARN_BLOCK_CAPTURE_AUTORELEASING = YES;
				CLANG_WARN_BOOL_CONVERSION = YES;
				CLANG_WARN_COMMA = YES;
				CLANG_WARN_CONSTANT_CONVERSION = YES;
				CLANG_WARN_DEPRECATED_OBJC_IMPLEMENTATIONS = YES;
				CLANG_WARN_DIRECT_OBJC_ISA_USAGE = YES_ERROR;
				CLANG_WARN_DOCUMENTATION_COMMENTS = YES;
				CLANG_WARN_EMPTY_BODY = YES;
				CLANG_WARN_ENUM_CONVERSION = YES;
				CLANG_WARN_INFINITE_RECURSION = YES;
				CLANG_WARN_INT_CONVERSION = YES;
				CLANG_WARN_NON_LITERAL_NULL_CONVERSION = YES;
				CLANG_WARN_OBJC_IMPLICIT_RETAIN_SELF = YES;
				CLANG_WARN_OBJC_LITERAL_CONVERSION = YES;
				CLANG_WARN_OBJC_ROOT_CLASS = YES_ERROR;
				CLANG_WARN_RANGE_LOOP_ANALYSIS = YES;
				CLANG_WARN_STRICT_PROTOTYPES = YES;
				CLANG_WARN_SUSPICIOUS_MOVE = YES;
				CLANG_WARN_UNGUARDED_AVAILABILITY = YES_AGGRESSIVE;
				CLANG_WARN_UNREACHABLE_CODE = YES;
				CLANG_WARN__DUPLICATE_METHOD_MATCH = YES;
				CODE_SIGN_IDENTITY = "iPhone Developer";
				COPY_PHASE_STRIP = NO;
				DEBUG_INFORMATION_FORMAT = dwarf;
				ENABLE_STRICT_OBJC_MSGSEND = YES;
				ENABLE_TESTABILITY = YES;
				GCC_C_LANGUAGE_STANDARD = gnu11;
				GCC_DYNAMIC_NO_PIC = NO;
				GCC_NO_COMMON_BLOCKS = YES;
				GCC_OPTIMIZATION_LEVEL = 0;
				GCC_PREPROCESSOR_DEFINITIONS = (
					"DEBUG=1",
					"$(inherited)",
				);
				GCC_WARN_64_TO_32_BIT_CONVERSION = YES;
				GCC_WARN_ABOUT_RETURN_TYPE = YES_ERROR;
				GCC_WARN_UNDECLARED_SELECTOR = YES;
				GCC_WARN_UNINITIALIZED_AUTOS = YES_AGGRESSIVE;
				GCC_WARN_UNUSED_FUNCTION = YES;
				GCC_WARN_UNUSED_VARIABLE = YES;
				IPHONEOS_DEPLOYMENT_TARGET = 11.4;
				MTL_ENABLE_DEBUG_INFO = YES;
				ONLY_ACTIVE_ARCH = YES;
				SDKROOT = iphoneos;
				SWIFT_ACTIVE_COMPILATION_CONDITIONS = DEBUG;
				SWIFT_OPTIMIZATION_LEVEL = "-Onone";
			};
			name = Debug;
		};
		9B5C69A8213D039800F4351E /* Release */ = {
			isa = XCBuildConfiguration;
			buildSettings = {
				ALWAYS_SEARCH_USER_PATHS = NO;
				CLANG_ANALYZER_NONNULL = YES;
				CLANG_ANALYZER_NUMBER_OBJECT_CONVERSION = YES_AGGRESSIVE;
				CLANG_CXX_LANGUAGE_STANDARD = "gnu++14";
				CLANG_CXX_LIBRARY = "libc++";
				CLANG_ENABLE_MODULES = YES;
				CLANG_ENABLE_OBJC_ARC = YES;
				CLANG_ENABLE_OBJC_WEAK = YES;
				CLANG_WARN_BLOCK_CAPTURE_AUTORELEASING = YES;
				CLANG_WARN_BOOL_CONVERSION = YES;
				CLANG_WARN_COMMA = YES;
				CLANG_WARN_CONSTANT_CONVERSION = YES;
				CLANG_WARN_DEPRECATED_OBJC_IMPLEMENTATIONS = YES;
				CLANG_WARN_DIRECT_OBJC_ISA_USAGE = YES_ERROR;
				CLANG_WARN_DOCUMENTATION_COMMENTS = YES;
				CLANG_WARN_EMPTY_BODY = YES;
				CLANG_WARN_ENUM_CONVERSION = YES;
				CLANG_WARN_INFINITE_RECURSION = YES;
				CLANG_WARN_INT_CONVERSION = YES;
				CLANG_WARN_NON_LITERAL_NULL_CONVERSION = YES;
				CLANG_WARN_OBJC_IMPLICIT_RETAIN_SELF = YES;
				CLANG_WARN_OBJC_LITERAL_CONVERSION = YES;
				CLANG_WARN_OBJC_ROOT_CLASS = YES_ERROR;
				CLANG_WARN_RANGE_LOOP_ANALYSIS = YES;
				CLANG_WARN_STRICT_PROTOTYPES = YES;
				CLANG_WARN_SUSPICIOUS_MOVE = YES;
				CLANG_WARN_UNGUARDED_AVAILABILITY = YES_AGGRESSIVE;
				CLANG_WARN_UNREACHABLE_CODE = YES;
				CLANG_WARN__DUPLICATE_METHOD_MATCH = YES;
				CODE_SIGN_IDENTITY = "iPhone Developer";
				COPY_PHASE_STRIP = NO;
				DEBUG_INFORMATION_FORMAT = "dwarf-with-dsym";
				ENABLE_NS_ASSERTIONS = NO;
				ENABLE_STRICT_OBJC_MSGSEND = YES;
				GCC_C_LANGUAGE_STANDARD = gnu11;
				GCC_NO_COMMON_BLOCKS = YES;
				GCC_WARN_64_TO_32_BIT_CONVERSION = YES;
				GCC_WARN_ABOUT_RETURN_TYPE = YES_ERROR;
				GCC_WARN_UNDECLARED_SELECTOR = YES;
				GCC_WARN_UNINITIALIZED_AUTOS = YES_AGGRESSIVE;
				GCC_WARN_UNUSED_FUNCTION = YES;
				GCC_WARN_UNUSED_VARIABLE = YES;
				IPHONEOS_DEPLOYMENT_TARGET = 11.4;
				MTL_ENABLE_DEBUG_INFO = NO;
				SDKROOT = iphoneos;
				SWIFT_COMPILATION_MODE = wholemodule;
				SWIFT_OPTIMIZATION_LEVEL = "-O";
				VALIDATE_PRODUCT = YES;
			};
			name = Release;
		};
		9B5C69AA213D039800F4351E /* Debug */ = {
			isa = XCBuildConfiguration;
			baseConfigurationReference = E95696163760457D94114ACC /* Pods-FirabaseDemo.debug.xcconfig */;
			buildSettings = {
				ASSETCATALOG_COMPILER_APPICON_NAME = AppIcon;
				CODE_SIGN_STYLE = Automatic;
				DEVELOPMENT_TEAM = CAV3SU72C4;
				INFOPLIST_FILE = FirabaseDemo/Info.plist;
				LD_RUNPATH_SEARCH_PATHS = (
					"$(inherited)",
					"@executable_path/Frameworks",
				);
				PRODUCT_BUNDLE_IDENTIFIER = com.laalee.FirabaseDemo;
				PRODUCT_NAME = "$(TARGET_NAME)";
				SWIFT_VERSION = 4.0;
				TARGETED_DEVICE_FAMILY = "1,2";
			};
			name = Debug;
		};
		9B5C69AB213D039800F4351E /* Release */ = {
			isa = XCBuildConfiguration;
			baseConfigurationReference = E41A087B786ED207C6ABF13C /* Pods-FirabaseDemo.release.xcconfig */;
			buildSettings = {
				ASSETCATALOG_COMPILER_APPICON_NAME = AppIcon;
				CODE_SIGN_STYLE = Automatic;
				DEVELOPMENT_TEAM = CAV3SU72C4;
				INFOPLIST_FILE = FirabaseDemo/Info.plist;
				LD_RUNPATH_SEARCH_PATHS = (
					"$(inherited)",
					"@executable_path/Frameworks",
				);
				PRODUCT_BUNDLE_IDENTIFIER = com.laalee.FirabaseDemo;
				PRODUCT_NAME = "$(TARGET_NAME)";
				SWIFT_VERSION = 4.0;
				TARGETED_DEVICE_FAMILY = "1,2";
			};
			name = Release;
		};
/* End XCBuildConfiguration section */

/* Begin XCConfigurationList section */
		9B5C6992213D039600F4351E /* Build configuration list for PBXProject "FirabaseDemo" */ = {
			isa = XCConfigurationList;
			buildConfigurations = (
				9B5C69A7213D039800F4351E /* Debug */,
				9B5C69A8213D039800F4351E /* Release */,
			);
			defaultConfigurationIsVisible = 0;
			defaultConfigurationName = Release;
		};
		9B5C69A9213D039800F4351E /* Build configuration list for PBXNativeTarget "FirabaseDemo" */ = {
			isa = XCConfigurationList;
			buildConfigurations = (
				9B5C69AA213D039800F4351E /* Debug */,
				9B5C69AB213D039800F4351E /* Release */,
			);
			defaultConfigurationIsVisible = 0;
			defaultConfigurationName = Release;
		};
/* End XCConfigurationList section */
	};
	rootObject = 9B5C698F213D039600F4351E /* Project object */;
}
